
Microsoft Visual Studio Solution File, Format Version 12.00
# Visual Studio Version 16
VisualStudioVersion = 16.0.29806.167
MinimumVisualStudioVersion = 10.0.40219.1
Project("{9A19103F-16F7-4668-BE54-9A1E7A4F7556}") = "BankingTests", "BankingTests\BankingTests.csproj", "{6035BB90-A9A3-4B33-A9AE-0F640486B786}"
EndProject
Project("{9A19103F-16F7-4668-BE54-9A1E7A4F7556}") = "BankingDomain", "BankingDomain\BankingDomain.csproj", "{F97110D7-DAE5-429E-8F63-404C4870F70B}"
EndProject
Project("{FAE04EC0-301F-11D3-BF4B-00C04F79EFBC}") = "BankKiosk", "BankKiosk\BankKiosk.csproj", "{1BDD4161-E5AD-4B60-9C81-50EDE5000BCE}"
EndProject
Global
	GlobalSection(SolutionConfigurationPlatforms) = preSolution
		Debug|Any CPU = Debug|Any CPU
		Release|Any CPU = Release|Any CPU
	EndGlobalSection
	GlobalSection(ProjectConfigurationPlatforms) = postSolution
		{6035BB90-A9A3-4B33-A9AE-0F640486B786}.Debug|Any CPU.ActiveCfg = Debug|Any CPU
		{6035BB90-A9A3-4B33-A9AE-0F640486B786}.Debug|Any CPU.Build.0 = Debug|Any CPU
		{6035BB90-A9A3-4B33-A9AE-0F640486B786}.Release|Any CPU.ActiveCfg = Release|Any CPU
		{6035BB90-A9A3-4B33-A9AE-0F640486B786}.Release|Any CPU.Build.0 = Release|Any CPU
		{F97110D7-DAE5-429E-8F63-404C4870F70B}.Debug|Any CPU.ActiveCfg = Debug|Any CPU
		{F97110D7-DAE5-429E-8F63-404C4870F70B}.Debug|Any CPU.Build.0 = Debug|Any CPU
		{F97110D7-DAE5-429E-8F63-404C4870F70B}.Release|Any CPU.ActiveCfg = Release|Any CPU
		{F97110D7-DAE5-429E-8F63-404C4870F70B}.Release|Any CPU.Build.0 = Release|Any CPU
		{1BDD4161-E5AD-4B60-9C81-50EDE5000BCE}.Debug|Any CPU.ActiveCfg = Debug|Any CPU
		{1BDD4161-E5AD-4B60-9C81-50EDE5000BCE}.Debug|Any CPU.Build.0 = Debug|Any CPU
		{1BDD4161-E5AD-4B60-9C81-50EDE5000BCE}.Release|Any CPU.ActiveCfg = Release|Any CPU
		{1BDD4161-E5AD-4B60-9C81-50EDE5000BCE}.Release|Any CPU.Build.0 = Release|Any CPU
	EndGlobalSection
	GlobalSection(SolutionProperties) = preSolution
		HideSolutionNode = FALSE
	EndGlobalSection
	GlobalSection(ExtensibilityGlobals) = postSolution
		SolutionGuid = {B71B5CE2-B035-4D94-BE0F-0DE58DD15BB4}
	EndGlobalSection
EndGlobal
